
Microsoft Visual Studio Solution File, Format Version 12.00
# Visual Studio Version 16
VisualStudioVersion = 16.0.30523.141
MinimumVisualStudioVersion = 10.0.40219.1
Project("{888888A0-9F3D-457C-B088-3A5042F75D52}") = "gui_gra", "gui_gra\gui_gra.pyproj", "{96F02C20-7DE1-4FD5-9EC7-6D700121F3A3}"
EndProject
Global
	GlobalSection(SolutionConfigurationPlatforms) = preSolution
		Debug|Any CPU = Debug|Any CPU
		Release|Any CPU = Release|Any CPU
	EndGlobalSection
	GlobalSection(ProjectConfigurationPlatforms) = postSolution
		{96F02C20-7DE1-4FD5-9EC7-6D700121F3A3}.Debug|Any CPU.ActiveCfg = Debug|Any CPU
		{96F02C20-7DE1-4FD5-9EC7-6D700121F3A3}.Release|Any CPU.ActiveCfg = Release|Any CPU
	EndGlobalSection
	GlobalSection(SolutionProperties) = preSolution
		HideSolutionNode = FALSE
	EndGlobalSection
	GlobalSection(ExtensibilityGlobals) = postSolution
		SolutionGuid = {BF6951B3-E66D-469F-8186-5448B90DD6FA}
	EndGlobalSection
EndGlobal
